<?xml version="1.0" encoding="UTF-8" standalone="yes" ?>
<CodeBlocks_project_file>
	<FileVersion major="1" minor="6" />
	<Project>
		<Option title="AlphaRuntime" />
		<Option pch_mode="2" />
		<Option compiler="gcc" />
		<Build>
			<Target title="Release">
				<Option output="bin/Release/AlphaRuntime" prefix_auto="1" extension_auto="1" />
				<Option object_output="obj/Release/" />
				<Option type="1" />
				<Option compiler="gcc" />
				<Compiler>
					<Add option="-O2" />
					<Add directory="C:/Users/Conor/Documents/dev/SDL2-2.0.10/x32bit_mingw/include/SDL2" />
				</Compiler>
				<Linker>
					<Add option="-s" />
					<Add option="-lmingw32 -lSDL2main -lSDL2" />
					<Add directory="C:/Users/Conor/Documents/dev/SDL2-2.0.10/x32bit_mingw/lib" />
				</Linker>
			</Target>
		</Build>
		<Compiler>
			<Add option="-Wall" />
			<Add option="-fexceptions" />
			<Add directory="C:/Users/Conor/Documents/dev/SDL2-2.0.10/x32bit_mingw/include/SDL2" />
		</Compiler>
		<Unit filename="include/commands/assign.h" />
		<Unit filename="include/commands/call_command.h" />
		<Unit filename="include/commands/clear_window.h" />
		<Unit filename="include/commands/command.h" />
		<Unit filename="include/commands/console_in.h" />
		<Unit filename="include/commands/console_out.h" />
		<Unit filename="include/commands/console_out_ln.h" />
		<Unit filename="include/commands/create_window.h" />
		<Unit filename="include/commands/custom_command.h" />
		<Unit filename="include/commands/draw_rect.h" />
		<Unit filename="include/commands/end_custom_command.h" />
		<Unit filename="include/commands/end_while.h" />
		<Unit filename="include/commands/endif.h" />
		<Unit filename="include/commands/hide_window.h" />
		<Unit filename="include/commands/if.h" />
		<Unit filename="include/commands/memory_dump.h" />
		<Unit filename="include/commands/render_window.h" />
		<Unit filename="include/commands/show_window.h" />
		<Unit filename="include/commands/wait.h" />
		<Unit filename="include/commands/while.h" />
		<Unit filename="include/exception/syntax_error.h" />
		<Unit filename="include/gui/window.h" />
		<Unit filename="include/init/command_data.h" />
		<Unit filename="include/init/command_importer.h" />
		<Unit filename="include/init/mapper.h" />
		<Unit filename="include/runtime/calculator.h" />
		<Unit filename="include/runtime/data_pool.h" />
		<Unit filename="include/runtime/environment.h" />
		<Unit filename="include/runtime/interpreter.h" />
		<Unit filename="include/runtime/resolver.h" />
		<Unit filename="include/runtime/searcher.h" />
		<Unit filename="include/string_utility.h" />
		<Unit filename="src/commands/assign.cpp" />
		<Unit filename="src/commands/call_command.cpp" />
		<Unit filename="src/commands/clear_window.cpp" />
		<Unit filename="src/commands/command.cpp" />
		<Unit filename="src/commands/console_in.cpp" />
		<Unit filename="src/commands/console_out.cpp" />
		<Unit filename="src/commands/console_out_ln.cpp" />
		<Unit filename="src/commands/create_window.cpp" />
		<Unit filename="src/commands/custom_command.cpp" />
		<Unit filename="src/commands/draw_rect.cpp" />
		<Unit filename="src/commands/end_custom_command.cpp" />
		<Unit filename="src/commands/end_while.cpp" />
		<Unit filename="src/commands/endif.cpp" />
		<Unit filename="src/commands/hide_window.cpp" />
		<Unit filename="src/commands/if.cpp" />
		<Unit filename="src/commands/memory_dump.cpp" />
		<Unit filename="src/commands/render_window.cpp" />
		<Unit filename="src/commands/show_window.cpp" />
		<Unit filename="src/commands/wait.cpp" />
		<Unit filename="src/commands/while.cpp" />
		<Unit filename="src/exception/syntax_error.cpp" />
		<Unit filename="src/gui/window.cpp" />
		<Unit filename="src/init/command_data.cpp" />
		<Unit filename="src/init/command_importer.cpp" />
		<Unit filename="src/init/mapper.cpp" />
		<Unit filename="src/main.cpp" />
		<Unit filename="src/runtime/calculator.cpp" />
		<Unit filename="src/runtime/data_pool.cpp" />
		<Unit filename="src/runtime/environment.cpp" />
		<Unit filename="src/runtime/interpreter.cpp" />
		<Unit filename="src/runtime/resolver.cpp" />
		<Unit filename="src/runtime/searcher.cpp" />
		<Unit filename="src/string_utility.cpp" />
		<Extensions>
			<code_completion />
			<envvars />
			<debugger />
		</Extensions>
	</Project>
</CodeBlocks_project_file>
